// !$*UTF8*$!
{
	archiveVersion = 1;
	classes = {
	};
	objectVersion = 45;
	objects = {

/* Begin PBXBuildFile section */
		1D3623260D0F684500981E51 /* iexpensetrackerAppDelegate.m in Sources */ = {isa = PBXBuildFile; fileRef = 1D3623250D0F684500981E51 /* iexpensetrackerAppDelegate.m */; };
		1D60589B0D05DD56006BFB54 /* main.m in Sources */ = {isa = PBXBuildFile; fileRef = 29B97316FDCFA39411CA2CEA /* main.m */; };
		1D60589F0D05DD5A006BFB54 /* Foundation.framework in Frameworks */ = {isa = PBXBuildFile; fileRef = 1D30AB110D05D00D00671497 /* Foundation.framework */; };
		1DF5F4E00D08C38300B7A737 /* UIKit.framework in Frameworks */ = {isa = PBXBuildFile; fileRef = 1DF5F4DF0D08C38300B7A737 /* UIKit.framework */; };
		2892E4100DC94CBA00A64D0F /* CoreGraphics.framework in Frameworks */ = {isa = PBXBuildFile; fileRef = 2892E40F0DC94CBA00A64D0F /* CoreGraphics.framework */; };
		2899E5600DE3E45000AC0155 /* RootViewController.xib in Resources */ = {isa = PBXBuildFile; fileRef = 2899E55F0DE3E45000AC0155 /* RootViewController.xib */; };
		28AD73600D9D9599002E5188 /* MainWindow.xib in Resources */ = {isa = PBXBuildFile; fileRef = 28AD735F0D9D9599002E5188 /* MainWindow.xib */; };
		28C286E10D94DF7D0034E888 /* RootViewController.m in Sources */ = {isa = PBXBuildFile; fileRef = 28C286E00D94DF7D0034E888 /* RootViewController.m */; };
		DE9690560FA1B7E500917C65 /* SQLiteAccess.m in Sources */ = {isa = PBXBuildFile; fileRef = DE9690550FA1B7E500917C65 /* SQLiteAccess.m */; };
		DE96905A0FA1B81F00917C65 /* ExpensesListViewController.m in Sources */ = {isa = PBXBuildFile; fileRef = DE9690590FA1B81F00917C65 /* ExpensesListViewController.m */; };
		DE9690620FA1B89B00917C65 /* ExpenseDAO.m in Sources */ = {isa = PBXBuildFile; fileRef = DE9690610FA1B89B00917C65 /* ExpenseDAO.m */; };
		DE9690990FA1B8DA00917C65 /* NewExpenseViewController.m in Sources */ = {isa = PBXBuildFile; fileRef = DE9690980FA1B8DA00917C65 /* NewExpenseViewController.m */; };
		DE9690FB0FA1BB8F00917C65 /* libsqlite3.dylib in Frameworks */ = {isa = PBXBuildFile; fileRef = DE9690FA0FA1BB8F00917C65 /* libsqlite3.dylib */; };
		DE96911E0FA1BD9900917C65 /* dontNeedButton.jpg in Resources */ = {isa = PBXBuildFile; fileRef = DE96911C0FA1BD9900917C65 /* dontNeedButton.jpg */; };
		DE96911F0FA1BD9900917C65 /* needButton.jpg in Resources */ = {isa = PBXBuildFile; fileRef = DE96911D0FA1BD9900917C65 /* needButton.jpg */; };
		DE9691210FA1BDB900917C65 /* ExpensesRatioViewController.xib in Resources */ = {isa = PBXBuildFile; fileRef = DE9691200FA1BDB900917C65 /* ExpensesRatioViewController.xib */; };
		DE9691230FA1BDD000917C65 /* NewExpenseViewController.xib in Resources */ = {isa = PBXBuildFile; fileRef = DE9691220FA1BDD000917C65 /* NewExpenseViewController.xib */; };
		DE9691250FA1BDE800917C65 /* ExpensesListViewController.xib in Resources */ = {isa = PBXBuildFile; fileRef = DE9691240FA1BDE800917C65 /* ExpensesListViewController.xib */; };
		DE9D7B8D0FA1BF4700052CBC /* expenses.sql in Resources */ = {isa = PBXBuildFile; fileRef = DE9D7B8C0FA1BF4700052CBC /* expenses.sql */; };
		DE9D7B8F0FA1BF7E00052CBC /* expenses.db in Resources */ = {isa = PBXBuildFile; fileRef = DE9D7B8E0FA1BF7E00052CBC /* expenses.db */; };
		DEBA94B10FA07B94002ED087 /* ExpensesRatioViewController.m in Sources */ = {isa = PBXBuildFile; fileRef = DEBA94B00FA07B94002ED087 /* ExpensesRatioViewController.m */; };
		DECA210F0FA212E80037359B /* Expense.m in Sources */ = {isa = PBXBuildFile; fileRef = DECA210E0FA212E80037359B /* Expense.m */; };
/* End PBXBuildFile section */

/* Begin PBXFileReference section */
		1D30AB110D05D00D00671497 /* Foundation.framework */ = {isa = PBXFileReference; lastKnownFileType = wrapper.framework; name = Foundation.framework; path = System/Library/Frameworks/Foundation.framework; sourceTree = SDKROOT; };
		1D3623240D0F684500981E51 /* iexpensetrackerAppDelegate.h */ = {isa = PBXFileReference; fileEncoding = 4; lastKnownFileType = sourcecode.c.h; path = iexpensetrackerAppDelegate.h; sourceTree = "<group>"; };
		1D3623250D0F684500981E51 /* iexpensetrackerAppDelegate.m */ = {isa = PBXFileReference; fileEncoding = 4; lastKnownFileType = sourcecode.c.objc; path = iexpensetrackerAppDelegate.m; sourceTree = "<group>"; };
		1D6058910D05DD3D006BFB54 /* iexpensetracker.app */ = {isa = PBXFileReference; explicitFileType = wrapper.application; includeInIndex = 0; path = iexpensetracker.app; sourceTree = BUILT_PRODUCTS_DIR; };
		1DF5F4DF0D08C38300B7A737 /* UIKit.framework */ = {isa = PBXFileReference; lastKnownFileType = wrapper.framework; name = UIKit.framework; path = System/Library/Frameworks/UIKit.framework; sourceTree = SDKROOT; };
		2892E40F0DC94CBA00A64D0F /* CoreGraphics.framework */ = {isa = PBXFileReference; lastKnownFileType = wrapper.framework; name = CoreGraphics.framework; path = System/Library/Frameworks/CoreGraphics.framework; sourceTree = SDKROOT; };
		2899E55F0DE3E45000AC0155 /* RootViewController.xib */ = {isa = PBXFileReference; lastKnownFileType = file.xib; path = RootViewController.xib; sourceTree = "<group>"; };
		28A0AAE50D9B0CCF005BE974 /* iexpensetracker_Prefix.pch */ = {isa = PBXFileReference; fileEncoding = 4; lastKnownFileType = sourcecode.c.h; path = iexpensetracker_Prefix.pch; sourceTree = "<group>"; };
		28AD735F0D9D9599002E5188 /* MainWindow.xib */ = {isa = PBXFileReference; lastKnownFileType = file.xib; path = MainWindow.xib; sourceTree = "<group>"; };
		28C286DF0D94DF7D0034E888 /* RootViewController.h */ = {isa = PBXFileReference; fileEncoding = 4; lastKnownFileType = sourcecode.c.h; path = RootViewController.h; sourceTree = "<group>"; };
		28C286E00D94DF7D0034E888 /* RootViewController.m */ = {isa = PBXFileReference; fileEncoding = 4; lastKnownFileType = sourcecode.c.objc; path = RootViewController.m; sourceTree = "<group>"; };
		29B97316FDCFA39411CA2CEA /* main.m */ = {isa = PBXFileReference; fileEncoding = 4; lastKnownFileType = sourcecode.c.objc; path = main.m; sourceTree = "<group>"; };
		8D1107310486CEB800E47090 /* Info.plist */ = {isa = PBXFileReference; fileEncoding = 4; lastKnownFileType = text.plist.xml; path = Info.plist; sourceTree = "<group>"; };
		DE9690540FA1B7E500917C65 /* SQLiteAccess.h */ = {isa = PBXFileReference; fileEncoding = 4; lastKnownFileType = sourcecode.c.h; path = SQLiteAccess.h; sourceTree = "<group>"; };
		DE9690550FA1B7E500917C65 /* SQLiteAccess.m */ = {isa = PBXFileReference; fileEncoding = 4; lastKnownFileType = sourcecode.c.objc; path = SQLiteAccess.m; sourceTree = "<group>"; };
		DE9690580FA1B81F00917C65 /* ExpensesListViewController.h */ = {isa = PBXFileReference; fileEncoding = 4; lastKnownFileType = sourcecode.c.h; path = ExpensesListViewController.h; sourceTree = "<group>"; };
		DE9690590FA1B81F00917C65 /* ExpensesListViewController.m */ = {isa = PBXFileReference; fileEncoding = 4; lastKnownFileType = sourcecode.c.objc; path = ExpensesListViewController.m; sourceTree = "<group>"; };
		DE9690600FA1B89B00917C65 /* ExpenseDAO.h */ = {isa = PBXFileReference; fileEncoding = 4; lastKnownFileType = sourcecode.c.h; path = ExpenseDAO.h; sourceTree = "<group>"; };
		DE9690610FA1B89B00917C65 /* ExpenseDAO.m */ = {isa = PBXFileReference; fileEncoding = 4; lastKnownFileType = sourcecode.c.objc; path = ExpenseDAO.m; sourceTree = "<group>"; };
		DE9690970FA1B8DA00917C65 /* NewExpenseViewController.h */ = {isa = PBXFileReference; fileEncoding = 4; lastKnownFileType = sourcecode.c.h; path = NewExpenseViewController.h; sourceTree = "<group>"; };
		DE9690980FA1B8DA00917C65 /* NewExpenseViewController.m */ = {isa = PBXFileReference; fileEncoding = 4; lastKnownFileType = sourcecode.c.objc; path = NewExpenseViewController.m; sourceTree = "<group>"; };
		DE9690FA0FA1BB8F00917C65 /* libsqlite3.dylib */ = {isa = PBXFileReference; lastKnownFileType = "compiled.mach-o.dylib"; name = libsqlite3.dylib; path = usr/lib/libsqlite3.dylib; sourceTree = SDKROOT; };
		DE96911C0FA1BD9900917C65 /* dontNeedButton.jpg */ = {isa = PBXFileReference; lastKnownFileType = image.jpeg; path = dontNeedButton.jpg; sourceTree = "<group>"; };
		DE96911D0FA1BD9900917C65 /* needButton.jpg */ = {isa = PBXFileReference; lastKnownFileType = image.jpeg; path = needButton.jpg; sourceTree = "<group>"; };
		DE9691200FA1BDB900917C65 /* ExpensesRatioViewController.xib */ = {isa = PBXFileReference; lastKnownFileType = file.xib; path = ExpensesRatioViewController.xib; sourceTree = "<group>"; };
		DE9691220FA1BDD000917C65 /* NewExpenseViewController.xib */ = {isa = PBXFileReference; lastKnownFileType = file.xib; path = NewExpenseViewController.xib; sourceTree = "<group>"; };
		DE9691240FA1BDE800917C65 /* ExpensesListViewController.xib */ = {isa = PBXFileReference; lastKnownFileType = file.xib; path = ExpensesListViewController.xib; sourceTree = "<group>"; };
		DE9D7B8C0FA1BF4700052CBC /* expenses.sql */ = {isa = PBXFileReference; fileEncoding = 4; lastKnownFileType = text; path = expenses.sql; sourceTree = "<group>"; };
		DE9D7B8E0FA1BF7E00052CBC /* expenses.db */ = {isa = PBXFileReference; lastKnownFileType = file; path = expenses.db; sourceTree = "<group>"; };
		DEBA94AF0FA07B94002ED087 /* ExpensesRatioViewController.h */ = {isa = PBXFileReference; fileEncoding = 4; lastKnownFileType = sourcecode.c.h; path = ExpensesRatioViewController.h; sourceTree = "<group>"; };
		DEBA94B00FA07B94002ED087 /* ExpensesRatioViewController.m */ = {isa = PBXFileReference; fileEncoding = 4; lastKnownFileType = sourcecode.c.objc; path = ExpensesRatioViewController.m; sourceTree = "<group>"; };
		DECA210D0FA212E80037359B /* Expense.h */ = {isa = PBXFileReference; fileEncoding = 4; lastKnownFileType = sourcecode.c.h; path = Expense.h; sourceTree = "<group>"; };
		DECA210E0FA212E80037359B /* Expense.m */ = {isa = PBXFileReference; fileEncoding = 4; lastKnownFileType = sourcecode.c.objc; path = Expense.m; sourceTree = "<group>"; };
/* End PBXFileReference section */

/* Begin PBXFrameworksBuildPhase section */
		1D60588F0D05DD3D006BFB54 /* Frameworks */ = {
			isa = PBXFrameworksBuildPhase;
			buildActionMask = 2147483647;
			files = (
				1D60589F0D05DD5A006BFB54 /* Foundation.framework in Frameworks */,
				1DF5F4E00D08C38300B7A737 /* UIKit.framework in Frameworks */,
				2892E4100DC94CBA00A64D0F /* CoreGraphics.framework in Frameworks */,
				DE9690FB0FA1BB8F00917C65 /* libsqlite3.dylib in Frameworks */,
			);
			runOnlyForDeploymentPostprocessing = 0;
		};
/* End PBXFrameworksBuildPhase section */

/* Begin PBXGroup section */
		080E96DDFE201D6D7F000001 /* Classes */ = {
			isa = PBXGroup;
			children = (
				28C286DF0D94DF7D0034E888 /* RootViewController.h */,
				28C286E00D94DF7D0034E888 /* RootViewController.m */,
				1D3623240D0F684500981E51 /* iexpensetrackerAppDelegate.h */,
				1D3623250D0F684500981E51 /* iexpensetrackerAppDelegate.m */,
				DEBA94AF0FA07B94002ED087 /* ExpensesRatioViewController.h */,
				DEBA94B00FA07B94002ED087 /* ExpensesRatioViewController.m */,
				DE9690540FA1B7E500917C65 /* SQLiteAccess.h */,
				DE9690550FA1B7E500917C65 /* SQLiteAccess.m */,
				DE9690580FA1B81F00917C65 /* ExpensesListViewController.h */,
				DE9690590FA1B81F00917C65 /* ExpensesListViewController.m */,
				DE9690600FA1B89B00917C65 /* ExpenseDAO.h */,
				DE9690610FA1B89B00917C65 /* ExpenseDAO.m */,
				DE9690970FA1B8DA00917C65 /* NewExpenseViewController.h */,
				DE9690980FA1B8DA00917C65 /* NewExpenseViewController.m */,
				DECA210D0FA212E80037359B /* Expense.h */,
				DECA210E0FA212E80037359B /* Expense.m */,
			);
			path = Classes;
			sourceTree = "<group>";
		};
		19C28FACFE9D520D11CA2CBB /* Products */ = {
			isa = PBXGroup;
			children = (
				1D6058910D05DD3D006BFB54 /* iexpensetracker.app */,
			);
			name = Products;
			sourceTree = "<group>";
		};
		29B97314FDCFA39411CA2CEA /* CustomTemplate */ = {
			isa = PBXGroup;
			children = (
				080E96DDFE201D6D7F000001 /* Classes */,
				29B97315FDCFA39411CA2CEA /* Other Sources */,
				29B97317FDCFA39411CA2CEA /* Resources */,
				29B97323FDCFA39411CA2CEA /* Frameworks */,
				19C28FACFE9D520D11CA2CBB /* Products */,
				DE9690FA0FA1BB8F00917C65 /* libsqlite3.dylib */,
			);
			name = CustomTemplate;
			sourceTree = "<group>";
		};
		29B97315FDCFA39411CA2CEA /* Other Sources */ = {
			isa = PBXGroup;
			children = (
				28A0AAE50D9B0CCF005BE974 /* iexpensetracker_Prefix.pch */,
				29B97316FDCFA39411CA2CEA /* main.m */,
			);
			name = "Other Sources";
			sourceTree = "<group>";
		};
		29B97317FDCFA39411CA2CEA /* Resources */ = {
			isa = PBXGroup;
			children = (
				DE9D7B8E0FA1BF7E00052CBC /* expenses.db */,
				DE9D7B8C0FA1BF4700052CBC /* expenses.sql */,
				DE9691240FA1BDE800917C65 /* ExpensesListViewController.xib */,
				DE9691220FA1BDD000917C65 /* NewExpenseViewController.xib */,
				DE9691200FA1BDB900917C65 /* ExpensesRatioViewController.xib */,
				DE96911C0FA1BD9900917C65 /* dontNeedButton.jpg */,
				DE96911D0FA1BD9900917C65 /* needButton.jpg */,
				2899E55F0DE3E45000AC0155 /* RootViewController.xib */,
				28AD735F0D9D9599002E5188 /* MainWindow.xib */,
				8D1107310486CEB800E47090 /* Info.plist */,
			);
			name = Resources;
			sourceTree = "<group>";
		};
		29B97323FDCFA39411CA2CEA /* Frameworks */ = {
			isa = PBXGroup;
			children = (
				1DF5F4DF0D08C38300B7A737 /* UIKit.framework */,
				1D30AB110D05D00D00671497 /* Foundation.framework */,
				2892E40F0DC94CBA00A64D0F /* CoreGraphics.framework */,
			);
			name = Frameworks;
			sourceTree = "<group>";
		};
/* End PBXGroup section */

/* Begin PBXNativeTarget section */
		1D6058900D05DD3D006BFB54 /* iexpensetracker */ = {
			isa = PBXNativeTarget;
			buildConfigurationList = 1D6058960D05DD3E006BFB54 /* Build configuration list for PBXNativeTarget "iexpensetracker" */;
			buildPhases = (
				1D60588D0D05DD3D006BFB54 /* Resources */,
				1D60588E0D05DD3D006BFB54 /* Sources */,
				1D60588F0D05DD3D006BFB54 /* Frameworks */,
			);
			buildRules = (
			);
			dependencies = (
			);
			name = iexpensetracker;
			productName = iexpensetracker;
			productReference = 1D6058910D05DD3D006BFB54 /* iexpensetracker.app */;
			productType = "com.apple.product-type.application";
		};
/* End PBXNativeTarget section */

/* Begin PBXProject section */
		29B97313FDCFA39411CA2CEA /* Project object */ = {
			isa = PBXProject;
			buildConfigurationList = C01FCF4E08A954540054247B /* Build configuration list for PBXProject "iexpensetracker" */;
			compatibilityVersion = "Xcode 3.1";
			hasScannedForEncodings = 1;
			knownRegions = (
				English,
				Japanese,
				French,
				German,
				en,
			);
			mainGroup = 29B97314FDCFA39411CA2CEA /* CustomTemplate */;
			projectDirPath = "";
			projectRoot = "";
			targets = (
				1D6058900D05DD3D006BFB54 /* iexpensetracker */,
			);
		};
/* End PBXProject section */

/* Begin PBXResourcesBuildPhase section */
		1D60588D0D05DD3D006BFB54 /* Resources */ = {
			isa = PBXResourcesBuildPhase;
			buildActionMask = 2147483647;
			files = (
				28AD73600D9D9599002E5188 /* MainWindow.xib in Resources */,
				2899E5600DE3E45000AC0155 /* RootViewController.xib in Resources */,
				DE96911E0FA1BD9900917C65 /* dontNeedButton.jpg in Resources */,
				DE96911F0FA1BD9900917C65 /* needButton.jpg in Resources */,
				DE9691210FA1BDB900917C65 /* ExpensesRatioViewController.xib in Resources */,
				DE9691230FA1BDD000917C65 /* NewExpenseViewController.xib in Resources */,
				DE9691250FA1BDE800917C65 /* ExpensesListViewController.xib in Resources */,
				DE9D7B8D0FA1BF4700052CBC /* expenses.sql in Resources */,
				DE9D7B8F0FA1BF7E00052CBC /* expenses.db in Resources */,
			);
			runOnlyForDeploymentPostprocessing = 0;
		};
/* End PBXResourcesBuildPhase section */

/* Begin PBXSourcesBuildPhase section */
		1D60588E0D05DD3D006BFB54 /* Sources */ = {
			isa = PBXSourcesBuildPhase;
			buildActionMask = 2147483647;
			files = (
				1D60589B0D05DD56006BFB54 /* main.m in Sources */,
				1D3623260D0F684500981E51 /* iexpensetrackerAppDelegate.m in Sources */,
				28C286E10D94DF7D0034E888 /* RootViewController.m in Sources */,
				DEBA94B10FA07B94002ED087 /* ExpensesRatioViewController.m in Sources */,
				DE9690560FA1B7E500917C65 /* SQLiteAccess.m in Sources */,
				DE96905A0FA1B81F00917C65 /* ExpensesListViewController.m in Sources */,
				DE9690620FA1B89B00917C65 /* ExpenseDAO.m in Sources */,
				DE9690990FA1B8DA00917C65 /* NewExpenseViewController.m in Sources */,
				DECA210F0FA212E80037359B /* Expense.m in Sources */,
			);
			runOnlyForDeploymentPostprocessing = 0;
		};
/* End PBXSourcesBuildPhase section */

/* Begin XCBuildConfiguration section */
		1D6058940D05DD3E006BFB54 /* Debug */ = {
			isa = XCBuildConfiguration;
			buildSettings = {
				ALWAYS_SEARCH_USER_PATHS = NO;
				COPY_PHASE_STRIP = NO;
				GCC_DYNAMIC_NO_PIC = NO;
				GCC_OPTIMIZATION_LEVEL = 0;
				GCC_PRECOMPILE_PREFIX_HEADER = YES;
				GCC_PREFIX_HEADER = iexpensetracker_Prefix.pch;
				INFOPLIST_FILE = Info.plist;
				PRODUCT_NAME = iexpensetracker;
			};
			name = Debug;
		};
		1D6058950D05DD3E006BFB54 /* Release */ = {
			isa = XCBuildConfiguration;
			buildSettings = {
				ALWAYS_SEARCH_USER_PATHS = NO;
				COPY_PHASE_STRIP = YES;
				GCC_PRECOMPILE_PREFIX_HEADER = YES;
				GCC_PREFIX_HEADER = iexpensetracker_Prefix.pch;
				INFOPLIST_FILE = Info.plist;
				PRODUCT_NAME = iexpensetracker;
			};
			name = Release;
		};
		C01FCF4F08A954540054247B /* Debug */ = {
			isa = XCBuildConfiguration;
			buildSettings = {
				ARCHS = "$(ARCHS_STANDARD_32_BIT)";
				"CODE_SIGN_IDENTITY[sdk=iphoneos*]" = "iPhone Developer: Kevin Edwards";
				GCC_C_LANGUAGE_STANDARD = c99;
				GCC_WARN_ABOUT_RETURN_TYPE = YES;
				GCC_WARN_UNUSED_VARIABLE = YES;
				ONLY_ACTIVE_ARCH = YES;
				PREBINDING = NO;
				"PROVISIONING_PROFILE[sdk=iphoneos*]" = "07A30FCD-4246-493A-9CE8-C2F62C3634EE";
				SDKROOT = iphoneos2.2.1;
			};
			name = Debug;
		};
		C01FCF5008A954540054247B /* Release */ = {
			isa = XCBuildConfiguration;
			buildSettings = {
				ARCHS = "$(ARCHS_STANDARD_32_BIT)";
				"CODE_SIGN_IDENTITY[sdk=iphoneos*]" = "iPhone Developer";
				GCC_C_LANGUAGE_STANDARD = c99;
				GCC_WARN_ABOUT_RETURN_TYPE = YES;
				GCC_WARN_UNUSED_VARIABLE = YES;
				PREBINDING = NO;
				SDKROOT = iphoneos2.2.1;
			};
			name = Release;
		};
/* End XCBuildConfiguration section */

/* Begin XCConfigurationList section */
		1D6058960D05DD3E006BFB54 /* Build configuration list for PBXNativeTarget "iexpensetracker" */ = {
			isa = XCConfigurationList;
			buildConfigurations = (
				1D6058940D05DD3E006BFB54 /* Debug */,
				1D6058950D05DD3E006BFB54 /* Release */,
			);
			defaultConfigurationIsVisible = 0;
			defaultConfigurationName = Release;
		};
		C01FCF4E08A954540054247B /* Build configuration list for PBXProject "iexpensetracker" */ = {
			isa = XCConfigurationList;
			buildConfigurations = (
				C01FCF4F08A954540054247B /* Debug */,
				C01FCF5008A954540054247B /* Release */,
			);
			defaultConfigurationIsVisible = 0;
			defaultConfigurationName = Release;
		};
/* End XCConfigurationList section */
	};
	rootObject = 29B97313FDCFA39411CA2CEA /* Project object */;
}
